
Microsoft Visual Studio Solution File, Format Version 12.00
# Visual Studio Version 17
VisualStudioVersion = 17.13.35931.197
MinimumVisualStudioVersion = 10.0.40219.1
Project("{2150E333-8FDC-42A3-9474-1A3956D46DE8}") = "00.Frontend", "00.Frontend", "{02EA681E-C7D8-13C7-8484-4AC65E1B71E8}"
EndProject
Project("{2150E333-8FDC-42A3-9474-1A3956D46DE8}") = "01.Backend", "01.Backend", "{53112853-63A9-4596-8585-32345735DA43}"
EndProject
Project("{2150E333-8FDC-42A3-9474-1A3956D46DE8}") = "00.Entidades", "00.Entidades", "{2BE2CB29-6924-4BD3-9C7F-0421F36BF3BF}"
EndProject
Project("{2150E333-8FDC-42A3-9474-1A3956D46DE8}") = "01.Acceso a Datos", "01.Acceso a Datos", "{F70AAD05-24DE-459B-B5A6-40DE60819237}"
EndProject
Project("{2150E333-8FDC-42A3-9474-1A3956D46DE8}") = "02.Logica de Negocio", "02.Logica de Negocio", "{551D815B-4275-489F-877F-012EECE453F6}"
EndProject
Project("{2150E333-8FDC-42A3-9474-1A3956D46DE8}") = "04.Api Rest", "04.Api Rest", "{0D1FE909-B98F-44D5-953E-8544DEBB3D21}"
EndProject
Project("{FAE04EC0-301F-11D3-BF4B-00C04F79EFBC}") = "DINET.Prueba.Common", "DINET.Prueba.Common\DINET.Prueba.Common.csproj", "{E694D77D-D323-4F0F-9EC0-C73D00A84E08}"
EndProject
Project("{FAE04EC0-301F-11D3-BF4B-00C04F79EFBC}") = "DINET.Prueba.Entities", "DINET.Prueba.Entities\DINET.Prueba.Entities.csproj", "{9918E6AA-DE27-4B5C-97DB-D49FAE1D8789}"
EndProject
Project("{FAE04EC0-301F-11D3-BF4B-00C04F79EFBC}") = "DINET.Prueba.DataAccess", "DINET.Prueba.DataAccess\DINET.Prueba.DataAccess.csproj", "{A2E3A8EB-CAE2-425D-988A-D9A6089958FE}"
EndProject
Project("{FAE04EC0-301F-11D3-BF4B-00C04F79EFBC}") = "DINET.Prueba.Repositories", "DINET.Prueba.Repositories\DINET.Prueba.Repositories.csproj", "{D05E194D-C1F2-40C8-8160-1609C2761091}"
EndProject
Project("{FAE04EC0-301F-11D3-BF4B-00C04F79EFBC}") = "DINET.Prueba.Services", "DINET.Prueba.Services\DINET.Prueba.Services.csproj", "{4A6F0B35-6E68-408C-812B-D08998C25827}"
EndProject
Project("{FAE04EC0-301F-11D3-BF4B-00C04F79EFBC}") = "DINET.Prueba.ApiRest", "DINET.Prueba.ApiRest\DINET.Prueba.ApiRest.csproj", "{6B16D2D2-84FF-413C-BBB6-D57BAD5870CE}"
EndProject
Project("{FAE04EC0-301F-11D3-BF4B-00C04F79EFBC}") = "DINET.Prueba.Models", "DINET.Prueba.Models\DINET.Prueba.Models.csproj", "{28B10A09-4D89-4539-BB1E-22CCB3C43A1E}"
EndProject
Project("{FAE04EC0-301F-11D3-BF4B-00C04F79EFBC}") = "DINET.Prueba.ViewModels", "DINET.Prueba.ViewModels\DINET.Prueba.ViewModels.csproj", "{6E7C36DE-30A9-49AC-86DC-F37649F302CE}"
EndProject
Project("{FAE04EC0-301F-11D3-BF4B-00C04F79EFBC}") = "DINET.Prueba.Portal", "DINET.Prueba.Portal\DINET.Prueba.Portal.csproj", "{8090C6B3-56E6-445E-90E8-6EEB74A3F0F7}"
EndProject
Project("{2150E333-8FDC-42A3-9474-1A3956D46DE8}") = "02.Utilitarios", "02.Utilitarios", "{4039A352-8F01-431B-A240-97B63225A474}"
EndProject
Project("{FAE04EC0-301F-11D3-BF4B-00C04F79EFBC}") = "DINET.Prueba.Helpers", "DINET.Prueba.Helpers\DINET.Prueba.Helpers.csproj", "{F9946488-6E00-46F8-A4B9-1D4559B77693}"
EndProject
Global
	GlobalSection(SolutionConfigurationPlatforms) = preSolution
		Debug|Any CPU = Debug|Any CPU
		Release|Any CPU = Release|Any CPU
	EndGlobalSection
	GlobalSection(ProjectConfigurationPlatforms) = postSolution
		{E694D77D-D323-4F0F-9EC0-C73D00A84E08}.Debug|Any CPU.ActiveCfg = Debug|Any CPU
		{E694D77D-D323-4F0F-9EC0-C73D00A84E08}.Debug|Any CPU.Build.0 = Debug|Any CPU
		{E694D77D-D323-4F0F-9EC0-C73D00A84E08}.Release|Any CPU.ActiveCfg = Release|Any CPU
		{E694D77D-D323-4F0F-9EC0-C73D00A84E08}.Release|Any CPU.Build.0 = Release|Any CPU
		{9918E6AA-DE27-4B5C-97DB-D49FAE1D8789}.Debug|Any CPU.ActiveCfg = Debug|Any CPU
		{9918E6AA-DE27-4B5C-97DB-D49FAE1D8789}.Debug|Any CPU.Build.0 = Debug|Any CPU
		{9918E6AA-DE27-4B5C-97DB-D49FAE1D8789}.Release|Any CPU.ActiveCfg = Release|Any CPU
		{9918E6AA-DE27-4B5C-97DB-D49FAE1D8789}.Release|Any CPU.Build.0 = Release|Any CPU
		{A2E3A8EB-CAE2-425D-988A-D9A6089958FE}.Debug|Any CPU.ActiveCfg = Debug|Any CPU
		{A2E3A8EB-CAE2-425D-988A-D9A6089958FE}.Debug|Any CPU.Build.0 = Debug|Any CPU
		{A2E3A8EB-CAE2-425D-988A-D9A6089958FE}.Release|Any CPU.ActiveCfg = Release|Any CPU
		{A2E3A8EB-CAE2-425D-988A-D9A6089958FE}.Release|Any CPU.Build.0 = Release|Any CPU
		{D05E194D-C1F2-40C8-8160-1609C2761091}.Debug|Any CPU.ActiveCfg = Debug|Any CPU
		{D05E194D-C1F2-40C8-8160-1609C2761091}.Debug|Any CPU.Build.0 = Debug|Any CPU
		{D05E194D-C1F2-40C8-8160-1609C2761091}.Release|Any CPU.ActiveCfg = Release|Any CPU
		{D05E194D-C1F2-40C8-8160-1609C2761091}.Release|Any CPU.Build.0 = Release|Any CPU
		{4A6F0B35-6E68-408C-812B-D08998C25827}.Debug|Any CPU.ActiveCfg = Debug|Any CPU
		{4A6F0B35-6E68-408C-812B-D08998C25827}.Debug|Any CPU.Build.0 = Debug|Any CPU
		{4A6F0B35-6E68-408C-812B-D08998C25827}.Release|Any CPU.ActiveCfg = Release|Any CPU
		{4A6F0B35-6E68-408C-812B-D08998C25827}.Release|Any CPU.Build.0 = Release|Any CPU
		{6B16D2D2-84FF-413C-BBB6-D57BAD5870CE}.Debug|Any CPU.ActiveCfg = Debug|Any CPU
		{6B16D2D2-84FF-413C-BBB6-D57BAD5870CE}.Debug|Any CPU.Build.0 = Debug|Any CPU
		{6B16D2D2-84FF-413C-BBB6-D57BAD5870CE}.Release|Any CPU.ActiveCfg = Release|Any CPU
		{6B16D2D2-84FF-413C-BBB6-D57BAD5870CE}.Release|Any CPU.Build.0 = Release|Any CPU
		{28B10A09-4D89-4539-BB1E-22CCB3C43A1E}.Debug|Any CPU.ActiveCfg = Debug|Any CPU
		{28B10A09-4D89-4539-BB1E-22CCB3C43A1E}.Debug|Any CPU.Build.0 = Debug|Any CPU
		{28B10A09-4D89-4539-BB1E-22CCB3C43A1E}.Release|Any CPU.ActiveCfg = Release|Any CPU
		{28B10A09-4D89-4539-BB1E-22CCB3C43A1E}.Release|Any CPU.Build.0 = Release|Any CPU
		{6E7C36DE-30A9-49AC-86DC-F37649F302CE}.Debug|Any CPU.ActiveCfg = Debug|Any CPU
		{6E7C36DE-30A9-49AC-86DC-F37649F302CE}.Debug|Any CPU.Build.0 = Debug|Any CPU
		{6E7C36DE-30A9-49AC-86DC-F37649F302CE}.Release|Any CPU.ActiveCfg = Release|Any CPU
		{6E7C36DE-30A9-49AC-86DC-F37649F302CE}.Release|Any CPU.Build.0 = Release|Any CPU
		{8090C6B3-56E6-445E-90E8-6EEB74A3F0F7}.Debug|Any CPU.ActiveCfg = Debug|Any CPU
		{8090C6B3-56E6-445E-90E8-6EEB74A3F0F7}.Debug|Any CPU.Build.0 = Debug|Any CPU
		{8090C6B3-56E6-445E-90E8-6EEB74A3F0F7}.Release|Any CPU.ActiveCfg = Release|Any CPU
		{8090C6B3-56E6-445E-90E8-6EEB74A3F0F7}.Release|Any CPU.Build.0 = Release|Any CPU
		{F9946488-6E00-46F8-A4B9-1D4559B77693}.Debug|Any CPU.ActiveCfg = Debug|Any CPU
		{F9946488-6E00-46F8-A4B9-1D4559B77693}.Debug|Any CPU.Build.0 = Debug|Any CPU
		{F9946488-6E00-46F8-A4B9-1D4559B77693}.Release|Any CPU.ActiveCfg = Release|Any CPU
		{F9946488-6E00-46F8-A4B9-1D4559B77693}.Release|Any CPU.Build.0 = Release|Any CPU
	EndGlobalSection
	GlobalSection(SolutionProperties) = preSolution
		HideSolutionNode = FALSE
	EndGlobalSection
	GlobalSection(NestedProjects) = preSolution
		{2BE2CB29-6924-4BD3-9C7F-0421F36BF3BF} = {53112853-63A9-4596-8585-32345735DA43}
		{F70AAD05-24DE-459B-B5A6-40DE60819237} = {53112853-63A9-4596-8585-32345735DA43}
		{551D815B-4275-489F-877F-012EECE453F6} = {53112853-63A9-4596-8585-32345735DA43}
		{0D1FE909-B98F-44D5-953E-8544DEBB3D21} = {53112853-63A9-4596-8585-32345735DA43}
		{E694D77D-D323-4F0F-9EC0-C73D00A84E08} = {2BE2CB29-6924-4BD3-9C7F-0421F36BF3BF}
		{9918E6AA-DE27-4B5C-97DB-D49FAE1D8789} = {2BE2CB29-6924-4BD3-9C7F-0421F36BF3BF}
		{A2E3A8EB-CAE2-425D-988A-D9A6089958FE} = {F70AAD05-24DE-459B-B5A6-40DE60819237}
		{D05E194D-C1F2-40C8-8160-1609C2761091} = {F70AAD05-24DE-459B-B5A6-40DE60819237}
		{4A6F0B35-6E68-408C-812B-D08998C25827} = {551D815B-4275-489F-877F-012EECE453F6}
		{6B16D2D2-84FF-413C-BBB6-D57BAD5870CE} = {0D1FE909-B98F-44D5-953E-8544DEBB3D21}
		{28B10A09-4D89-4539-BB1E-22CCB3C43A1E} = {02EA681E-C7D8-13C7-8484-4AC65E1B71E8}
		{6E7C36DE-30A9-49AC-86DC-F37649F302CE} = {02EA681E-C7D8-13C7-8484-4AC65E1B71E8}
		{8090C6B3-56E6-445E-90E8-6EEB74A3F0F7} = {02EA681E-C7D8-13C7-8484-4AC65E1B71E8}
		{F9946488-6E00-46F8-A4B9-1D4559B77693} = {4039A352-8F01-431B-A240-97B63225A474}
	EndGlobalSection
	GlobalSection(ExtensibilityGlobals) = postSolution
		SolutionGuid = {6081339D-CEFD-4DDD-9DFD-E22CC7D6C27C}
	EndGlobalSection
EndGlobal
